// !$*UTF8*$!
{
	archiveVersion = 1;
	classes = {
	};
	objectVersion = 48;
	objects = {

/* Begin PBXBuildFile section */
		4094C6F22065C8B7006C70D0 /* AppDelegate.swift in Sources */ = {isa = PBXBuildFile; fileRef = 4094C6F12065C8B7006C70D0 /* AppDelegate.swift */; };
		4094C6F42065C8B7006C70D0 /* ViewController.swift in Sources */ = {isa = PBXBuildFile; fileRef = 4094C6F32065C8B7006C70D0 /* ViewController.swift */; };
		4094C6F72065C8B7006C70D0 /* Main.storyboard in Resources */ = {isa = PBXBuildFile; fileRef = 4094C6F52065C8B7006C70D0 /* Main.storyboard */; };
		4094C6F92065C8B7006C70D0 /* Assets.xcassets in Resources */ = {isa = PBXBuildFile; fileRef = 4094C6F82065C8B7006C70D0 /* Assets.xcassets */; };
		4094C6FC2065C8B7006C70D0 /* LaunchScreen.storyboard in Resources */ = {isa = PBXBuildFile; fileRef = 4094C6FA2065C8B7006C70D0 /* LaunchScreen.storyboard */; };
		B41C0ED12065D55700E734C2 /* LocationModel.swift in Sources */ = {isa = PBXBuildFile; fileRef = B41C0ED02065D55700E734C2 /* LocationModel.swift */; };
		B41C0ED32065D7D600E734C2 /* MapLocations.swift in Sources */ = {isa = PBXBuildFile; fileRef = B41C0ED22065D7D600E734C2 /* MapLocations.swift */; };
/* End PBXBuildFile section */

/* Begin PBXFileReference section */
		4094C6EE2065C8B7006C70D0 /* Fortnite Assistant.app */ = {isa = PBXFileReference; explicitFileType = wrapper.application; includeInIndex = 0; path = "Fortnite Assistant.app"; sourceTree = BUILT_PRODUCTS_DIR; };
		4094C6F12065C8B7006C70D0 /* AppDelegate.swift */ = {isa = PBXFileReference; lastKnownFileType = sourcecode.swift; path = AppDelegate.swift; sourceTree = "<group>"; };
		4094C6F32065C8B7006C70D0 /* ViewController.swift */ = {isa = PBXFileReference; lastKnownFileType = sourcecode.swift; path = ViewController.swift; sourceTree = "<group>"; };
		4094C6F62065C8B7006C70D0 /* Base */ = {isa = PBXFileReference; lastKnownFileType = file.storyboard; name = Base; path = Base.lproj/Main.storyboard; sourceTree = "<group>"; };
		4094C6F82065C8B7006C70D0 /* Assets.xcassets */ = {isa = PBXFileReference; lastKnownFileType = folder.assetcatalog; path = Assets.xcassets; sourceTree = "<group>"; };
		4094C6FB2065C8B7006C70D0 /* Base */ = {isa = PBXFileReference; lastKnownFileType = file.storyboard; name = Base; path = Base.lproj/LaunchScreen.storyboard; sourceTree = "<group>"; };
		4094C6FD2065C8B7006C70D0 /* Info.plist */ = {isa = PBXFileReference; lastKnownFileType = text.plist.xml; path = Info.plist; sourceTree = "<group>"; };
		B41C0ED02065D55700E734C2 /* LocationModel.swift */ = {isa = PBXFileReference; lastKnownFileType = sourcecode.swift; path = LocationModel.swift; sourceTree = "<group>"; };
		B41C0ED22065D7D600E734C2 /* MapLocations.swift */ = {isa = PBXFileReference; lastKnownFileType = sourcecode.swift; path = MapLocations.swift; sourceTree = "<group>"; };
/* End PBXFileReference section */

/* Begin PBXFrameworksBuildPhase section */
		4094C6EB2065C8B7006C70D0 /* Frameworks */ = {
			isa = PBXFrameworksBuildPhase;
			buildActionMask = 2147483647;
			files = (
			);
			runOnlyForDeploymentPostprocessing = 0;
		};
/* End PBXFrameworksBuildPhase section */

/* Begin PBXGroup section */
		4094C6E52065C8B7006C70D0 = {
			isa = PBXGroup;
			children = (
				4094C6F02065C8B7006C70D0 /* Fortnite Assistant */,
				4094C6EF2065C8B7006C70D0 /* Products */,
			);
			sourceTree = "<group>";
		};
		4094C6EF2065C8B7006C70D0 /* Products */ = {
			isa = PBXGroup;
			children = (
				4094C6EE2065C8B7006C70D0 /* Fortnite Assistant.app */,
			);
			name = Products;
			sourceTree = "<group>";
		};
		4094C6F02065C8B7006C70D0 /* Fortnite Assistant */ = {
			isa = PBXGroup;
			children = (
				4094C6F12065C8B7006C70D0 /* AppDelegate.swift */,
				4094C6F32065C8B7006C70D0 /* ViewController.swift */,
				B41C0ED42065D7DE00E734C2 /* Models */,
				4094C6F52065C8B7006C70D0 /* Main.storyboard */,
				4094C6F82065C8B7006C70D0 /* Assets.xcassets */,
				4094C6FA2065C8B7006C70D0 /* LaunchScreen.storyboard */,
				4094C6FD2065C8B7006C70D0 /* Info.plist */,
			);
			path = "Fortnite Assistant";
			sourceTree = "<group>";
		};
		B41C0ED42065D7DE00E734C2 /* Models */ = {
			isa = PBXGroup;
			children = (
				B41C0ED02065D55700E734C2 /* LocationModel.swift */,
				B41C0ED22065D7D600E734C2 /* MapLocations.swift */,
			);
			path = Models;
			sourceTree = "<group>";
		};
/* End PBXGroup section */

/* Begin PBXNativeTarget section */
		4094C6ED2065C8B7006C70D0 /* Fortnite Assistant */ = {
			isa = PBXNativeTarget;
			buildConfigurationList = 4094C7002065C8B7006C70D0 /* Build configuration list for PBXNativeTarget "Fortnite Assistant" */;
			buildPhases = (
				4094C6EA2065C8B7006C70D0 /* Sources */,
				4094C6EB2065C8B7006C70D0 /* Frameworks */,
				4094C6EC2065C8B7006C70D0 /* Resources */,
			);
			buildRules = (
			);
			dependencies = (
			);
			name = "Fortnite Assistant";
			productName = "Fortnite Assistant";
			productReference = 4094C6EE2065C8B7006C70D0 /* Fortnite Assistant.app */;
			productType = "com.apple.product-type.application";
		};
/* End PBXNativeTarget section */

/* Begin PBXProject section */
		4094C6E62065C8B7006C70D0 /* Project object */ = {
			isa = PBXProject;
			attributes = {
				LastSwiftUpdateCheck = 0920;
				LastUpgradeCheck = 0920;
				ORGANIZATIONNAME = "Ty Udy";
				TargetAttributes = {
					4094C6ED2065C8B7006C70D0 = {
						CreatedOnToolsVersion = 9.2;
						ProvisioningStyle = Automatic;
					};
				};
			};
			buildConfigurationList = 4094C6E92065C8B7006C70D0 /* Build configuration list for PBXProject "Fortnite Assistant" */;
			compatibilityVersion = "Xcode 8.0";
			developmentRegion = en;
			hasScannedForEncodings = 0;
			knownRegions = (
				en,
				Base,
			);
			mainGroup = 4094C6E52065C8B7006C70D0;
			productRefGroup = 4094C6EF2065C8B7006C70D0 /* Products */;
			projectDirPath = "";
			projectRoot = "";
			targets = (
				4094C6ED2065C8B7006C70D0 /* Fortnite Assistant */,
			);
		};
/* End PBXProject section */

/* Begin PBXResourcesBuildPhase section */
		4094C6EC2065C8B7006C70D0 /* Resources */ = {
			isa = PBXResourcesBuildPhase;
			buildActionMask = 2147483647;
			files = (
				4094C6FC2065C8B7006C70D0 /* LaunchScreen.storyboard in Resources */,
				4094C6F92065C8B7006C70D0 /* Assets.xcassets in Resources */,
				4094C6F72065C8B7006C70D0 /* Main.storyboard in Resources */,
			);
			runOnlyForDeploymentPostprocessing = 0;
		};
/* End PBXResourcesBuildPhase section */

/* Begin PBXSourcesBuildPhase section */
		4094C6EA2065C8B7006C70D0 /* Sources */ = {
			isa = PBXSourcesBuildPhase;
			buildActionMask = 2147483647;
			files = (
				4094C6F42065C8B7006C70D0 /* ViewController.swift in Sources */,
				B41C0ED12065D55700E734C2 /* LocationModel.swift in Sources */,
				4094C6F22065C8B7006C70D0 /* AppDelegate.swift in Sources */,
				B41C0ED32065D7D600E734C2 /* MapLocations.swift in Sources */,
			);
			runOnlyForDeploymentPostprocessing = 0;
		};
/* End PBXSourcesBuildPhase section */

/* Begin PBXVariantGroup section */
		4094C6F52065C8B7006C70D0 /* Main.storyboard */ = {
			isa = PBXVariantGroup;
			children = (
				4094C6F62065C8B7006C70D0 /* Base */,
			);
			name = Main.storyboard;
			sourceTree = "<group>";
		};
		4094C6FA2065C8B7006C70D0 /* LaunchScreen.storyboard */ = {
			isa = PBXVariantGroup;
			children = (
				4094C6FB2065C8B7006C70D0 /* Base */,
			);
			name = LaunchScreen.storyboard;
			sourceTree = "<group>";
		};
/* End PBXVariantGroup section */

/* Begin XCBuildConfiguration section */
		4094C6FE2065C8B7006C70D0 /* Debug */ = {
			isa = XCBuildConfiguration;
			buildSettings = {
				ALWAYS_SEARCH_USER_PATHS = NO;
				CLANG_ANALYZER_NONNULL = YES;
				CLANG_ANALYZER_NUMBER_OBJECT_CONVERSION = YES_AGGRESSIVE;
				CLANG_CXX_LANGUAGE_STANDARD = "gnu++14";
				CLANG_CXX_LIBRARY = "libc++";
				CLANG_ENABLE_MODULES = YES;
				CLANG_ENABLE_OBJC_ARC = YES;
				CLANG_WARN_BLOCK_CAPTURE_AUTORELEASING = YES;
				CLANG_WARN_BOOL_CONVERSION = YES;
				CLANG_WARN_COMMA = YES;
				CLANG_WARN_CONSTANT_CONVERSION = YES;
				CLANG_WARN_DIRECT_OBJC_ISA_USAGE = YES_ERROR;
				CLANG_WARN_DOCUMENTATION_COMMENTS = YES;
				CLANG_WARN_EMPTY_BODY = YES;
				CLANG_WARN_ENUM_CONVERSION = YES;
				CLANG_WARN_INFINITE_RECURSION = YES;
				CLANG_WARN_INT_CONVERSION = YES;
				CLANG_WARN_NON_LITERAL_NULL_CONVERSION = YES;
				CLANG_WARN_OBJC_LITERAL_CONVERSION = YES;
				CLANG_WARN_OBJC_ROOT_CLASS = YES_ERROR;
				CLANG_WARN_RANGE_LOOP_ANALYSIS = YES;
				CLANG_WARN_STRICT_PROTOTYPES = YES;
				CLANG_WARN_SUSPICIOUS_MOVE = YES;
				CLANG_WARN_UNGUARDED_AVAILABILITY = YES_AGGRESSIVE;
				CLANG_WARN_UNREACHABLE_CODE = YES;
				CLANG_WARN__DUPLICATE_METHOD_MATCH = YES;
				CODE_SIGN_IDENTITY = "iPhone Developer";
				COPY_PHASE_STRIP = NO;
				DEBUG_INFORMATION_FORMAT = dwarf;
				ENABLE_STRICT_OBJC_MSGSEND = YES;
				ENABLE_TESTABILITY = YES;
				GCC_C_LANGUAGE_STANDARD = gnu11;
				GCC_DYNAMIC_NO_PIC = NO;
				GCC_NO_COMMON_BLOCKS = YES;
				GCC_OPTIMIZATION_LEVEL = 0;
				GCC_PREPROCESSOR_DEFINITIONS = (
					"DEBUG=1",
					"$(inherited)",
				);
				GCC_WARN_64_TO_32_BIT_CONVERSION = YES;
				GCC_WARN_ABOUT_RETURN_TYPE = YES_ERROR;
				GCC_WARN_UNDECLARED_SELECTOR = YES;
				GCC_WARN_UNINITIALIZED_AUTOS = YES_AGGRESSIVE;
				GCC_WARN_UNUSED_FUNCTION = YES;
				GCC_WARN_UNUSED_VARIABLE = YES;
				IPHONEOS_DEPLOYMENT_TARGET = 11.2;
				MTL_ENABLE_DEBUG_INFO = YES;
				ONLY_ACTIVE_ARCH = YES;
				SDKROOT = iphoneos;
				SWIFT_ACTIVE_COMPILATION_CONDITIONS = DEBUG;
				SWIFT_OPTIMIZATION_LEVEL = "-Onone";
			};
			name = Debug;
		};
		4094C6FF2065C8B7006C70D0 /* Release */ = {
			isa = XCBuildConfiguration;
			buildSettings = {
				ALWAYS_SEARCH_USER_PATHS = NO;
				CLANG_ANALYZER_NONNULL = YES;
				CLANG_ANALYZER_NUMBER_OBJECT_CONVERSION = YES_AGGRESSIVE;
				CLANG_CXX_LANGUAGE_STANDARD = "gnu++14";
				CLANG_CXX_LIBRARY = "libc++";
				CLANG_ENABLE_MODULES = YES;
				CLANG_ENABLE_OBJC_ARC = YES;
				CLANG_WARN_BLOCK_CAPTURE_AUTORELEASING = YES;
				CLANG_WARN_BOOL_CONVERSION = YES;
				CLANG_WARN_COMMA = YES;
				CLANG_WARN_CONSTANT_CONVERSION = YES;
				CLANG_WARN_DIRECT_OBJC_ISA_USAGE = YES_ERROR;
				CLANG_WARN_DOCUMENTATION_COMMENTS = YES;
				CLANG_WARN_EMPTY_BODY = YES;
				CLANG_WARN_ENUM_CONVERSION = YES;
				CLANG_WARN_INFINITE_RECURSION = YES;
				CLANG_WARN_INT_CONVERSION = YES;
				CLANG_WARN_NON_LITERAL_NULL_CONVERSION = YES;
				CLANG_WARN_OBJC_LITERAL_CONVERSION = YES;
				CLANG_WARN_OBJC_ROOT_CLASS = YES_ERROR;
				CLANG_WARN_RANGE_LOOP_ANALYSIS = YES;
				CLANG_WARN_STRICT_PROTOTYPES = YES;
				CLANG_WARN_SUSPICIOUS_MOVE = YES;
				CLANG_WARN_UNGUARDED_AVAILABILITY = YES_AGGRESSIVE;
				CLANG_WARN_UNREACHABLE_CODE = YES;
				CLANG_WARN__DUPLICATE_METHOD_MATCH = YES;
				CODE_SIGN_IDENTITY = "iPhone Developer";
				COPY_PHASE_STRIP = NO;
				DEBUG_INFORMATION_FORMAT = "dwarf-with-dsym";
				ENABLE_NS_ASSERTIONS = NO;
				ENABLE_STRICT_OBJC_MSGSEND = YES;
				GCC_C_LANGUAGE_STANDARD = gnu11;
				GCC_NO_COMMON_BLOCKS = YES;
				GCC_WARN_64_TO_32_BIT_CONVERSION = YES;
				GCC_WARN_ABOUT_RETURN_TYPE = YES_ERROR;
				GCC_WARN_UNDECLARED_SELECTOR = YES;
				GCC_WARN_UNINITIALIZED_AUTOS = YES_AGGRESSIVE;
				GCC_WARN_UNUSED_FUNCTION = YES;
				GCC_WARN_UNUSED_VARIABLE = YES;
				IPHONEOS_DEPLOYMENT_TARGET = 11.2;
				MTL_ENABLE_DEBUG_INFO = NO;
				SDKROOT = iphoneos;
				SWIFT_OPTIMIZATION_LEVEL = "-Owholemodule";
				VALIDATE_PRODUCT = YES;
			};
			name = Release;
		};
		4094C7012065C8B7006C70D0 /* Debug */ = {
			isa = XCBuildConfiguration;
			buildSettings = {
				ASSETCATALOG_COMPILER_APPICON_NAME = AppIcon;
				CODE_SIGN_STYLE = Automatic;
				DEVELOPMENT_TEAM = P7G6MTMP3S;
				INFOPLIST_FILE = "Fortnite Assistant/Info.plist";
				LD_RUNPATH_SEARCH_PATHS = "$(inherited) @executable_path/Frameworks";
				PRODUCT_BUNDLE_IDENTIFIER = "com.tyudy.Fortnite-Assistant";
				PRODUCT_NAME = "$(TARGET_NAME)";
				SWIFT_VERSION = 4.0;
				TARGETED_DEVICE_FAMILY = "1,2";
			};
			name = Debug;
		};
		4094C7022065C8B7006C70D0 /* Release */ = {
			isa = XCBuildConfiguration;
			buildSettings = {
				ASSETCATALOG_COMPILER_APPICON_NAME = AppIcon;
				CODE_SIGN_STYLE = Automatic;
				DEVELOPMENT_TEAM = P7G6MTMP3S;
				INFOPLIST_FILE = "Fortnite Assistant/Info.plist";
				LD_RUNPATH_SEARCH_PATHS = "$(inherited) @executable_path/Frameworks";
				PRODUCT_BUNDLE_IDENTIFIER = "com.tyudy.Fortnite-Assistant";
				PRODUCT_NAME = "$(TARGET_NAME)";
				SWIFT_VERSION = 4.0;
				TARGETED_DEVICE_FAMILY = "1,2";
			};
			name = Release;
		};
/* End XCBuildConfiguration section */

/* Begin XCConfigurationList section */
		4094C6E92065C8B7006C70D0 /* Build configuration list for PBXProject "Fortnite Assistant" */ = {
			isa = XCConfigurationList;
			buildConfigurations = (
				4094C6FE2065C8B7006C70D0 /* Debug */,
				4094C6FF2065C8B7006C70D0 /* Release */,
			);
			defaultConfigurationIsVisible = 0;
			defaultConfigurationName = Release;
		};
		4094C7002065C8B7006C70D0 /* Build configuration list for PBXNativeTarget "Fortnite Assistant" */ = {
			isa = XCConfigurationList;
			buildConfigurations = (
				4094C7012065C8B7006C70D0 /* Debug */,
				4094C7022065C8B7006C70D0 /* Release */,
			);
			defaultConfigurationIsVisible = 0;
			defaultConfigurationName = Release;
		};
/* End XCConfigurationList section */
	};
	rootObject = 4094C6E62065C8B7006C70D0 /* Project object */;
}
